
Microsoft Visual Studio Solution File, Format Version 12.00
# Visual Studio 2013
VisualStudioVersion = 12.0.21005.1
MinimumVisualStudioVersion = 10.0.40219.1
Project("{FAE04EC0-301F-11D3-BF4B-00C04F79EFBC}") = "Dsl", "Dsl\Dsl.csproj", "{85B7EB39-C54B-4E96-B008-B54C70164287}"
EndProject
Project("{FAE04EC0-301F-11D3-BF4B-00C04F79EFBC}") = "DslPackage", "DslPackage\DslPackage.csproj", "{24AB8B08-E32D-4603-A4A5-39472E196203}"
EndProject
Global
	GlobalSection(SolutionConfigurationPlatforms) = preSolution
		Debug|Any CPU = Debug|Any CPU
		Release|Any CPU = Release|Any CPU
	EndGlobalSection
	GlobalSection(ProjectConfigurationPlatforms) = postSolution
		{85B7EB39-C54B-4E96-B008-B54C70164287}.Debug|Any CPU.ActiveCfg = Debug|Any CPU
		{85B7EB39-C54B-4E96-B008-B54C70164287}.Debug|Any CPU.Build.0 = Debug|Any CPU
		{85B7EB39-C54B-4E96-B008-B54C70164287}.Release|Any CPU.ActiveCfg = Release|Any CPU
		{85B7EB39-C54B-4E96-B008-B54C70164287}.Release|Any CPU.Build.0 = Release|Any CPU
		{24AB8B08-E32D-4603-A4A5-39472E196203}.Debug|Any CPU.ActiveCfg = Debug|Any CPU
		{24AB8B08-E32D-4603-A4A5-39472E196203}.Debug|Any CPU.Build.0 = Debug|Any CPU
		{24AB8B08-E32D-4603-A4A5-39472E196203}.Release|Any CPU.ActiveCfg = Release|Any CPU
		{24AB8B08-E32D-4603-A4A5-39472E196203}.Release|Any CPU.Build.0 = Release|Any CPU
	EndGlobalSection
	GlobalSection(SolutionProperties) = preSolution
		HideSolutionNode = FALSE
	EndGlobalSection
EndGlobal
